
Microsoft Visual Studio Solution File, Format Version 12.00
# Visual Studio 15
VisualStudioVersion = 15.0.28307.271
MinimumVisualStudioVersion = 10.0.40219.1
Project("{8BC9CEB8-8B4A-11D0-8D11-00A0C91BC942}") = "Self-Adjusting-List-GraysonBeam", "Self-Adjusting-List-GraysonBeam\Self-Adjusting-List-GraysonBeam.vcxproj", "{5BFD986F-8593-4479-BF4E-87CD43E8301A}"
EndProject
Global
	GlobalSection(SolutionConfigurationPlatforms) = preSolution
		Debug|x64 = Debug|x64
		Debug|x86 = Debug|x86
		Release|x64 = Release|x64
		Release|x86 = Release|x86
	EndGlobalSection
	GlobalSection(ProjectConfigurationPlatforms) = postSolution
		{5BFD986F-8593-4479-BF4E-87CD43E8301A}.Debug|x64.ActiveCfg = Debug|x64
		{5BFD986F-8593-4479-BF4E-87CD43E8301A}.Debug|x64.Build.0 = Debug|x64
		{5BFD986F-8593-4479-BF4E-87CD43E8301A}.Debug|x86.ActiveCfg = Debug|Win32
		{5BFD986F-8593-4479-BF4E-87CD43E8301A}.Debug|x86.Build.0 = Debug|Win32
		{5BFD986F-8593-4479-BF4E-87CD43E8301A}.Release|x64.ActiveCfg = Release|x64
		{5BFD986F-8593-4479-BF4E-87CD43E8301A}.Release|x64.Build.0 = Release|x64
		{5BFD986F-8593-4479-BF4E-87CD43E8301A}.Release|x86.ActiveCfg = Release|Win32
		{5BFD986F-8593-4479-BF4E-87CD43E8301A}.Release|x86.Build.0 = Release|Win32
	EndGlobalSection
	GlobalSection(SolutionProperties) = preSolution
		HideSolutionNode = FALSE
	EndGlobalSection
	GlobalSection(ExtensibilityGlobals) = postSolution
		SolutionGuid = {6AD2C422-5004-475E-AFEC-C1BE2551E338}
	EndGlobalSection
EndGlobal
